{
    "_meta": {
        "hash": {
            "sha256": "c8fe331dda63238e023ebfe81217d65e3a5f054772e79f6f3093edb3c14c1742"
        },
        "requires": {},
        "sources": [
            {
                "url": "https://pypi.python.org/simple",
                "verify_ssl": true
            }
        ]
    },
    "default": {
        "click": {
            "hash": "sha256:29f99fc6125fbc931b758dc053b3114e55c77a6e4c6c3a2674a2dc986016381d",
            "version": "==6.7"
        },
        "pipfile": {
            "hash": "sha256:f7d9f15de8b660986557eb3cc5391aa1a16207ac41bc378d03f414762d36c984",
            "version": "==0.0.2"
        },
        "toml": {
            "hash": "sha256:b3953bffe848ad9a6d554114d82f2dcb3e23945e90b4d9addc9956f37f336594",
            "version": "==0.9.2"
        }
    },
    "develop": {}
}